
Microsoft Visual Studio Solution File, Format Version 12.00
# Visual Studio Version 17
VisualStudioVersion = 17.3.32819.101
MinimumVisualStudioVersion = 10.0.40219.1
Project("{9A19103F-16F7-4668-BE54-9A1E7A4F7556}") = "BrowseRouter", "App\BrowseRouter.csproj", "{39E2D988-557D-40D2-9D0B-AAC097FE98C5}"
EndProject
Project("{2150E333-8FDC-42A3-9474-1A3956D46DE8}") = "Solution Items", "Solution Items", "{42958659-9C5D-4FD0-97A3-D65DEE66523C}"
	ProjectSection(SolutionItems) = preProject
		.editorconfig = .editorconfig
		.gitignore = .gitignore
		.github\workflows\dotnet.yml = .github\workflows\dotnet.yml
		README.md = README.md
	EndProjectSection
EndProject
Project("{9A19103F-16F7-4668-BE54-9A1E7A4F7556}") = "BrowserRouter.Tests", "Tests\BrowserRouter.Tests\BrowserRouter.Tests.csproj", "{90964780-A852-4B1E-9D61-93CA1FB6E27E}"
EndProject
Global
	GlobalSection(SolutionConfigurationPlatforms) = preSolution
		Debug|Any CPU = Debug|Any CPU
		Release|Any CPU = Release|Any CPU
	EndGlobalSection
	GlobalSection(ProjectConfigurationPlatforms) = postSolution
		{39E2D988-557D-40D2-9D0B-AAC097FE98C5}.Debug|Any CPU.ActiveCfg = Debug|Any CPU
		{39E2D988-557D-40D2-9D0B-AAC097FE98C5}.Debug|Any CPU.Build.0 = Debug|Any CPU
		{39E2D988-557D-40D2-9D0B-AAC097FE98C5}.Release|Any CPU.ActiveCfg = Release|Any CPU
		{39E2D988-557D-40D2-9D0B-AAC097FE98C5}.Release|Any CPU.Build.0 = Release|Any CPU
		{90964780-A852-4B1E-9D61-93CA1FB6E27E}.Debug|Any CPU.ActiveCfg = Debug|Any CPU
		{90964780-A852-4B1E-9D61-93CA1FB6E27E}.Debug|Any CPU.Build.0 = Debug|Any CPU
		{90964780-A852-4B1E-9D61-93CA1FB6E27E}.Release|Any CPU.ActiveCfg = Release|Any CPU
		{90964780-A852-4B1E-9D61-93CA1FB6E27E}.Release|Any CPU.Build.0 = Release|Any CPU
	EndGlobalSection
	GlobalSection(SolutionProperties) = preSolution
		HideSolutionNode = FALSE
	EndGlobalSection
	GlobalSection(ExtensibilityGlobals) = postSolution
		SolutionGuid = {D9588447-8EBA-48F1-9437-3F394ECF45A0}
	EndGlobalSection
EndGlobal
